
Microsoft Visual Studio Solution File, Format Version 12.00
# Visual Studio 2013
VisualStudioVersion = 12.0.30324.0
MinimumVisualStudioVersion = 10.0.40219.1
Project("{FAE04EC0-301F-11D3-BF4B-00C04F79EFBC}") = "01.Frames", "DSA_ExamPrep\01.Frames.csproj", "{CBDC174A-3870-469E-AEDF-A08B447F98EE}"
EndProject
Project("{FAE04EC0-301F-11D3-BF4B-00C04F79EFBC}") = "Frames v.2", "Frames v.2\Frames v.2.csproj", "{C44A8BD4-5040-467D-A2D6-F3E542ABDD36}"
EndProject
Project("{FAE04EC0-301F-11D3-BF4B-00C04F79EFBC}") = "SupermarketQueue", "SupermarketQueue\SupermarketQueue.csproj", "{23283013-A6C5-4ECC-B63E-26DF8A914559}"
EndProject
Project("{FAE04EC0-301F-11D3-BF4B-00C04F79EFBC}") = "Labirint", "Labirint\Labirint.csproj", "{E30BA120-3FFA-4168-8B69-8EFB44547DFD}"
EndProject
Global
	GlobalSection(SolutionConfigurationPlatforms) = preSolution
		Debug|Any CPU = Debug|Any CPU
		Release|Any CPU = Release|Any CPU
	EndGlobalSection
	GlobalSection(ProjectConfigurationPlatforms) = postSolution
		{CBDC174A-3870-469E-AEDF-A08B447F98EE}.Debug|Any CPU.ActiveCfg = Debug|Any CPU
		{CBDC174A-3870-469E-AEDF-A08B447F98EE}.Debug|Any CPU.Build.0 = Debug|Any CPU
		{CBDC174A-3870-469E-AEDF-A08B447F98EE}.Release|Any CPU.ActiveCfg = Release|Any CPU
		{CBDC174A-3870-469E-AEDF-A08B447F98EE}.Release|Any CPU.Build.0 = Release|Any CPU
		{C44A8BD4-5040-467D-A2D6-F3E542ABDD36}.Debug|Any CPU.ActiveCfg = Debug|Any CPU
		{C44A8BD4-5040-467D-A2D6-F3E542ABDD36}.Debug|Any CPU.Build.0 = Debug|Any CPU
		{C44A8BD4-5040-467D-A2D6-F3E542ABDD36}.Release|Any CPU.ActiveCfg = Release|Any CPU
		{C44A8BD4-5040-467D-A2D6-F3E542ABDD36}.Release|Any CPU.Build.0 = Release|Any CPU
		{23283013-A6C5-4ECC-B63E-26DF8A914559}.Debug|Any CPU.ActiveCfg = Debug|Any CPU
		{23283013-A6C5-4ECC-B63E-26DF8A914559}.Debug|Any CPU.Build.0 = Debug|Any CPU
		{23283013-A6C5-4ECC-B63E-26DF8A914559}.Release|Any CPU.ActiveCfg = Release|Any CPU
		{23283013-A6C5-4ECC-B63E-26DF8A914559}.Release|Any CPU.Build.0 = Release|Any CPU
		{E30BA120-3FFA-4168-8B69-8EFB44547DFD}.Debug|Any CPU.ActiveCfg = Debug|Any CPU
		{E30BA120-3FFA-4168-8B69-8EFB44547DFD}.Debug|Any CPU.Build.0 = Debug|Any CPU
		{E30BA120-3FFA-4168-8B69-8EFB44547DFD}.Release|Any CPU.ActiveCfg = Release|Any CPU
		{E30BA120-3FFA-4168-8B69-8EFB44547DFD}.Release|Any CPU.Build.0 = Release|Any CPU
	EndGlobalSection
	GlobalSection(SolutionProperties) = preSolution
		HideSolutionNode = FALSE
	EndGlobalSection
EndGlobal
