
Microsoft Visual Studio Solution File, Format Version 12.00
# Visual Studio 2013
VisualStudioVersion = 12.0.30324.0
MinimumVisualStudioVersion = 10.0.40219.1
Project("{FAE04EC0-301F-11D3-BF4B-00C04F79EFBC}") = "CodeFirst_HW", "CodeFirst_HW\CodeFirst_HW.csproj", "{DD1A66E8-C8B8-41E2-9DAC-0537438BB9FC}"
EndProject
Project("{FAE04EC0-301F-11D3-BF4B-00C04F79EFBC}") = "StudentSystem.Model", "StudentSystem.Model\StudentSystem.Model.csproj", "{570DD7F0-8996-4511-B60F-437F5EFFE37C}"
EndProject
Project("{FAE04EC0-301F-11D3-BF4B-00C04F79EFBC}") = "StudentSystem.Data", "StudentSystem.Data\StudentSystem.Data.csproj", "{F2D95C36-3E29-4070-AF54-9D76957CA69D}"
EndProject
Project("{2150E333-8FDC-42A3-9474-1A3956D46DE8}") = ".nuget", ".nuget", "{591F9B88-895E-4447-B14E-DAA8585F6352}"
	ProjectSection(SolutionItems) = preProject
		.nuget\NuGet.Config = .nuget\NuGet.Config
		.nuget\NuGet.exe = .nuget\NuGet.exe
		.nuget\NuGet.targets = .nuget\NuGet.targets
	EndProjectSection
EndProject
Global
	GlobalSection(SolutionConfigurationPlatforms) = preSolution
		Debug|Any CPU = Debug|Any CPU
		Release|Any CPU = Release|Any CPU
	EndGlobalSection
	GlobalSection(ProjectConfigurationPlatforms) = postSolution
		{DD1A66E8-C8B8-41E2-9DAC-0537438BB9FC}.Debug|Any CPU.ActiveCfg = Debug|Any CPU
		{DD1A66E8-C8B8-41E2-9DAC-0537438BB9FC}.Debug|Any CPU.Build.0 = Debug|Any CPU
		{DD1A66E8-C8B8-41E2-9DAC-0537438BB9FC}.Release|Any CPU.ActiveCfg = Release|Any CPU
		{DD1A66E8-C8B8-41E2-9DAC-0537438BB9FC}.Release|Any CPU.Build.0 = Release|Any CPU
		{570DD7F0-8996-4511-B60F-437F5EFFE37C}.Debug|Any CPU.ActiveCfg = Debug|Any CPU
		{570DD7F0-8996-4511-B60F-437F5EFFE37C}.Debug|Any CPU.Build.0 = Debug|Any CPU
		{570DD7F0-8996-4511-B60F-437F5EFFE37C}.Release|Any CPU.ActiveCfg = Release|Any CPU
		{570DD7F0-8996-4511-B60F-437F5EFFE37C}.Release|Any CPU.Build.0 = Release|Any CPU
		{F2D95C36-3E29-4070-AF54-9D76957CA69D}.Debug|Any CPU.ActiveCfg = Debug|Any CPU
		{F2D95C36-3E29-4070-AF54-9D76957CA69D}.Debug|Any CPU.Build.0 = Debug|Any CPU
		{F2D95C36-3E29-4070-AF54-9D76957CA69D}.Release|Any CPU.ActiveCfg = Release|Any CPU
		{F2D95C36-3E29-4070-AF54-9D76957CA69D}.Release|Any CPU.Build.0 = Release|Any CPU
	EndGlobalSection
	GlobalSection(SolutionProperties) = preSolution
		HideSolutionNode = FALSE
	EndGlobalSection
EndGlobal
