
Microsoft Visual Studio Solution File, Format Version 12.00
# Visual Studio 2013
VisualStudioVersion = 12.0.30324.0
MinimumVisualStudioVersion = 10.0.40219.1
Project("{FAE04EC0-301F-11D3-BF4B-00C04F79EFBC}") = "JS_OOP_Modules", "JS_OOP_Modules\JS_OOP_Modules.csproj", "{7467D10B-0592-4295-A30A-54D6D6C09AF0}"
EndProject
Global
	GlobalSection(SolutionConfigurationPlatforms) = preSolution
		Debug|Any CPU = Debug|Any CPU
		Release|Any CPU = Release|Any CPU
	EndGlobalSection
	GlobalSection(ProjectConfigurationPlatforms) = postSolution
		{7467D10B-0592-4295-A30A-54D6D6C09AF0}.Debug|Any CPU.ActiveCfg = Debug|Any CPU
		{7467D10B-0592-4295-A30A-54D6D6C09AF0}.Debug|Any CPU.Build.0 = Debug|Any CPU
		{7467D10B-0592-4295-A30A-54D6D6C09AF0}.Release|Any CPU.ActiveCfg = Release|Any CPU
		{7467D10B-0592-4295-A30A-54D6D6C09AF0}.Release|Any CPU.Build.0 = Release|Any CPU
	EndGlobalSection
	GlobalSection(SolutionProperties) = preSolution
		HideSolutionNode = FALSE
	EndGlobalSection
EndGlobal
