
Microsoft Visual Studio Solution File, Format Version 12.00
# Visual Studio 2013
VisualStudioVersion = 12.0.21005.1
MinimumVisualStudioVersion = 10.0.40219.1
Project("{FAE04EC0-301F-11D3-BF4B-00C04F79EFBC}") = "02.HelloCSharp", "02.HelloCSharp\02.HelloCSharp.csproj", "{A2D12683-64D2-4037-8CC4-0D3355867B2C}"
EndProject
Project("{FAE04EC0-301F-11D3-BF4B-00C04F79EFBC}") = "03.PrintName", "03.PrintName\03.PrintName.csproj", "{B44E73A9-0415-4B50-8588-7C4DBFC91B4E}"
EndProject
Project("{FAE04EC0-301F-11D3-BF4B-00C04F79EFBC}") = "04.PrintNumbers", "04.PrintNumbers\04.PrintNumbers.csproj", "{E76E0FFF-F1D0-4517-A472-9D1476C7DAC9}"
EndProject
Project("{FAE04EC0-301F-11D3-BF4B-00C04F79EFBC}") = "06.PrintFirstLastName", "06.PrintFirstLastName\06.PrintFirstLastName.csproj", "{7AEA9454-9D51-4DBD-8D5F-1E97DBCA5F41}"
EndProject
Project("{FAE04EC0-301F-11D3-BF4B-00C04F79EFBC}") = "07.CurrentDateTime", "07.CurrentDateTime\07.CurrentDateTime.csproj", "{A29D9C9D-9B6A-4004-A6CD-17E2B3E35D3F}"
EndProject
Project("{FAE04EC0-301F-11D3-BF4B-00C04F79EFBC}") = "08.Square12345", "08.Square12345\08.Square12345.csproj", "{EE73B356-6C7E-4732-900B-99438E8CFBDC}"
EndProject
Project("{FAE04EC0-301F-11D3-BF4B-00C04F79EFBC}") = "09.PlusMinusSequence", "09.PlusMinusSequence\09.PlusMinusSequence.csproj", "{18EFACB6-B636-4ED5-8775-1F38D3BFBDB5}"
EndProject
Project("{FAE04EC0-301F-11D3-BF4B-00C04F79EFBC}") = "10.ListProgrammingLanguages", "10.ListProgrammingLanguages\10.ListProgrammingLanguages.csproj", "{C26E004F-499B-4C75-89CA-A280EFA98CC8}"
EndProject
Project("{FAE04EC0-301F-11D3-BF4B-00C04F79EFBC}") = "11.DifferenceCsharpDotNet", "11.DifferenceCsharpDotNet\11.DifferenceCsharpDotNet.csproj", "{356A3ACD-FA1C-4337-BA1F-65FEE4031F52}"
EndProject
Project("{FAE04EC0-301F-11D3-BF4B-00C04F79EFBC}") = "12.AgeAfterTenYears", "12.AgeAfterTenYears\12.AgeAfterTenYears.csproj", "{37ED8AA7-EEF4-4039-B27F-3D45C8E4A892}"
EndProject
Global
	GlobalSection(SolutionConfigurationPlatforms) = preSolution
		Debug|Any CPU = Debug|Any CPU
		Release|Any CPU = Release|Any CPU
	EndGlobalSection
	GlobalSection(ProjectConfigurationPlatforms) = postSolution
		{A2D12683-64D2-4037-8CC4-0D3355867B2C}.Debug|Any CPU.ActiveCfg = Debug|Any CPU
		{A2D12683-64D2-4037-8CC4-0D3355867B2C}.Debug|Any CPU.Build.0 = Debug|Any CPU
		{A2D12683-64D2-4037-8CC4-0D3355867B2C}.Release|Any CPU.ActiveCfg = Release|Any CPU
		{A2D12683-64D2-4037-8CC4-0D3355867B2C}.Release|Any CPU.Build.0 = Release|Any CPU
		{B44E73A9-0415-4B50-8588-7C4DBFC91B4E}.Debug|Any CPU.ActiveCfg = Debug|Any CPU
		{B44E73A9-0415-4B50-8588-7C4DBFC91B4E}.Debug|Any CPU.Build.0 = Debug|Any CPU
		{B44E73A9-0415-4B50-8588-7C4DBFC91B4E}.Release|Any CPU.ActiveCfg = Release|Any CPU
		{B44E73A9-0415-4B50-8588-7C4DBFC91B4E}.Release|Any CPU.Build.0 = Release|Any CPU
		{E76E0FFF-F1D0-4517-A472-9D1476C7DAC9}.Debug|Any CPU.ActiveCfg = Debug|Any CPU
		{E76E0FFF-F1D0-4517-A472-9D1476C7DAC9}.Debug|Any CPU.Build.0 = Debug|Any CPU
		{E76E0FFF-F1D0-4517-A472-9D1476C7DAC9}.Release|Any CPU.ActiveCfg = Release|Any CPU
		{E76E0FFF-F1D0-4517-A472-9D1476C7DAC9}.Release|Any CPU.Build.0 = Release|Any CPU
		{7AEA9454-9D51-4DBD-8D5F-1E97DBCA5F41}.Debug|Any CPU.ActiveCfg = Debug|Any CPU
		{7AEA9454-9D51-4DBD-8D5F-1E97DBCA5F41}.Debug|Any CPU.Build.0 = Debug|Any CPU
		{7AEA9454-9D51-4DBD-8D5F-1E97DBCA5F41}.Release|Any CPU.ActiveCfg = Release|Any CPU
		{7AEA9454-9D51-4DBD-8D5F-1E97DBCA5F41}.Release|Any CPU.Build.0 = Release|Any CPU
		{A29D9C9D-9B6A-4004-A6CD-17E2B3E35D3F}.Debug|Any CPU.ActiveCfg = Debug|Any CPU
		{A29D9C9D-9B6A-4004-A6CD-17E2B3E35D3F}.Debug|Any CPU.Build.0 = Debug|Any CPU
		{A29D9C9D-9B6A-4004-A6CD-17E2B3E35D3F}.Release|Any CPU.ActiveCfg = Release|Any CPU
		{A29D9C9D-9B6A-4004-A6CD-17E2B3E35D3F}.Release|Any CPU.Build.0 = Release|Any CPU
		{EE73B356-6C7E-4732-900B-99438E8CFBDC}.Debug|Any CPU.ActiveCfg = Debug|Any CPU
		{EE73B356-6C7E-4732-900B-99438E8CFBDC}.Debug|Any CPU.Build.0 = Debug|Any CPU
		{EE73B356-6C7E-4732-900B-99438E8CFBDC}.Release|Any CPU.ActiveCfg = Release|Any CPU
		{EE73B356-6C7E-4732-900B-99438E8CFBDC}.Release|Any CPU.Build.0 = Release|Any CPU
		{18EFACB6-B636-4ED5-8775-1F38D3BFBDB5}.Debug|Any CPU.ActiveCfg = Debug|Any CPU
		{18EFACB6-B636-4ED5-8775-1F38D3BFBDB5}.Debug|Any CPU.Build.0 = Debug|Any CPU
		{18EFACB6-B636-4ED5-8775-1F38D3BFBDB5}.Release|Any CPU.ActiveCfg = Release|Any CPU
		{18EFACB6-B636-4ED5-8775-1F38D3BFBDB5}.Release|Any CPU.Build.0 = Release|Any CPU
		{C26E004F-499B-4C75-89CA-A280EFA98CC8}.Debug|Any CPU.ActiveCfg = Debug|Any CPU
		{C26E004F-499B-4C75-89CA-A280EFA98CC8}.Debug|Any CPU.Build.0 = Debug|Any CPU
		{C26E004F-499B-4C75-89CA-A280EFA98CC8}.Release|Any CPU.ActiveCfg = Release|Any CPU
		{C26E004F-499B-4C75-89CA-A280EFA98CC8}.Release|Any CPU.Build.0 = Release|Any CPU
		{356A3ACD-FA1C-4337-BA1F-65FEE4031F52}.Debug|Any CPU.ActiveCfg = Debug|Any CPU
		{356A3ACD-FA1C-4337-BA1F-65FEE4031F52}.Debug|Any CPU.Build.0 = Debug|Any CPU
		{356A3ACD-FA1C-4337-BA1F-65FEE4031F52}.Release|Any CPU.ActiveCfg = Release|Any CPU
		{356A3ACD-FA1C-4337-BA1F-65FEE4031F52}.Release|Any CPU.Build.0 = Release|Any CPU
		{37ED8AA7-EEF4-4039-B27F-3D45C8E4A892}.Debug|Any CPU.ActiveCfg = Debug|Any CPU
		{37ED8AA7-EEF4-4039-B27F-3D45C8E4A892}.Debug|Any CPU.Build.0 = Debug|Any CPU
		{37ED8AA7-EEF4-4039-B27F-3D45C8E4A892}.Release|Any CPU.ActiveCfg = Release|Any CPU
		{37ED8AA7-EEF4-4039-B27F-3D45C8E4A892}.Release|Any CPU.Build.0 = Release|Any CPU
	EndGlobalSection
	GlobalSection(SolutionProperties) = preSolution
		HideSolutionNode = FALSE
	EndGlobalSection
EndGlobal
