
Microsoft Visual Studio Solution File, Format Version 12.00
# Visual Studio 2013
VisualStudioVersion = 12.0.30324.0
MinimumVisualStudioVersion = 10.0.40219.1
Project("{FAE04EC0-301F-11D3-BF4B-00C04F79EFBC}") = "02. SearchByPrice", "02. SearchByPrice\02. SearchByPrice.csproj", "{9EA01B38-D79E-4151-88FC-7EB7BFBD10F7}"
EndProject
Project("{FAE04EC0-301F-11D3-BF4B-00C04F79EFBC}") = "01. PriorityQueueWithHeap", "01. PriorityQueueWithHeap\01. PriorityQueueWithHeap.csproj", "{7B41F019-147B-4985-8863-AC25B9B4F1DA}"
EndProject
Project("{FAE04EC0-301F-11D3-BF4B-00C04F79EFBC}") = "TestHeap", "TestHeap\TestHeap.csproj", "{226DBCA1-95ED-4B67-8EE6-963EA6AE34D3}"
EndProject
Global
	GlobalSection(SolutionConfigurationPlatforms) = preSolution
		Debug|Any CPU = Debug|Any CPU
		Release|Any CPU = Release|Any CPU
	EndGlobalSection
	GlobalSection(ProjectConfigurationPlatforms) = postSolution
		{9EA01B38-D79E-4151-88FC-7EB7BFBD10F7}.Debug|Any CPU.ActiveCfg = Debug|Any CPU
		{9EA01B38-D79E-4151-88FC-7EB7BFBD10F7}.Debug|Any CPU.Build.0 = Debug|Any CPU
		{9EA01B38-D79E-4151-88FC-7EB7BFBD10F7}.Release|Any CPU.ActiveCfg = Release|Any CPU
		{9EA01B38-D79E-4151-88FC-7EB7BFBD10F7}.Release|Any CPU.Build.0 = Release|Any CPU
		{7B41F019-147B-4985-8863-AC25B9B4F1DA}.Debug|Any CPU.ActiveCfg = Debug|Any CPU
		{7B41F019-147B-4985-8863-AC25B9B4F1DA}.Debug|Any CPU.Build.0 = Debug|Any CPU
		{7B41F019-147B-4985-8863-AC25B9B4F1DA}.Release|Any CPU.ActiveCfg = Release|Any CPU
		{7B41F019-147B-4985-8863-AC25B9B4F1DA}.Release|Any CPU.Build.0 = Release|Any CPU
		{226DBCA1-95ED-4B67-8EE6-963EA6AE34D3}.Debug|Any CPU.ActiveCfg = Debug|Any CPU
		{226DBCA1-95ED-4B67-8EE6-963EA6AE34D3}.Debug|Any CPU.Build.0 = Debug|Any CPU
		{226DBCA1-95ED-4B67-8EE6-963EA6AE34D3}.Release|Any CPU.ActiveCfg = Release|Any CPU
		{226DBCA1-95ED-4B67-8EE6-963EA6AE34D3}.Release|Any CPU.Build.0 = Release|Any CPU
	EndGlobalSection
	GlobalSection(SolutionProperties) = preSolution
		HideSolutionNode = FALSE
	EndGlobalSection
EndGlobal
