
Microsoft Visual Studio Solution File, Format Version 12.00
# Visual Studio 2013
VisualStudioVersion = 12.0.30324.0
MinimumVisualStudioVersion = 10.0.40219.1
Project("{FAE04EC0-301F-11D3-BF4B-00C04F79EFBC}") = "01. DataStructuresEfficiency", "DataStructuresEfficiency\01. DataStructuresEfficiency.csproj", "{255266BC-DA96-48F0-A2F5-6CDBC6D8049F}"
EndProject
Project("{FAE04EC0-301F-11D3-BF4B-00C04F79EFBC}") = "02.TradeCompany", "02.TradeCompany\02.TradeCompany.csproj", "{0C92BF7C-9036-4D95-BB96-3F1D58628D28}"
EndProject
Project("{FAE04EC0-301F-11D3-BF4B-00C04F79EFBC}") = "03. BiDictionary", "03. BiDictionary\03. BiDictionary.csproj", "{E73944B8-16E5-41D8-A89B-4B53868D4A40}"
EndProject
Global
	GlobalSection(SolutionConfigurationPlatforms) = preSolution
		Debug|Any CPU = Debug|Any CPU
		Release|Any CPU = Release|Any CPU
	EndGlobalSection
	GlobalSection(ProjectConfigurationPlatforms) = postSolution
		{255266BC-DA96-48F0-A2F5-6CDBC6D8049F}.Debug|Any CPU.ActiveCfg = Debug|Any CPU
		{255266BC-DA96-48F0-A2F5-6CDBC6D8049F}.Debug|Any CPU.Build.0 = Debug|Any CPU
		{255266BC-DA96-48F0-A2F5-6CDBC6D8049F}.Release|Any CPU.ActiveCfg = Release|Any CPU
		{255266BC-DA96-48F0-A2F5-6CDBC6D8049F}.Release|Any CPU.Build.0 = Release|Any CPU
		{0C92BF7C-9036-4D95-BB96-3F1D58628D28}.Debug|Any CPU.ActiveCfg = Debug|Any CPU
		{0C92BF7C-9036-4D95-BB96-3F1D58628D28}.Debug|Any CPU.Build.0 = Debug|Any CPU
		{0C92BF7C-9036-4D95-BB96-3F1D58628D28}.Release|Any CPU.ActiveCfg = Release|Any CPU
		{0C92BF7C-9036-4D95-BB96-3F1D58628D28}.Release|Any CPU.Build.0 = Release|Any CPU
		{E73944B8-16E5-41D8-A89B-4B53868D4A40}.Debug|Any CPU.ActiveCfg = Debug|Any CPU
		{E73944B8-16E5-41D8-A89B-4B53868D4A40}.Debug|Any CPU.Build.0 = Debug|Any CPU
		{E73944B8-16E5-41D8-A89B-4B53868D4A40}.Release|Any CPU.ActiveCfg = Release|Any CPU
		{E73944B8-16E5-41D8-A89B-4B53868D4A40}.Release|Any CPU.Build.0 = Release|Any CPU
	EndGlobalSection
	GlobalSection(SolutionProperties) = preSolution
		HideSolutionNode = FALSE
	EndGlobalSection
EndGlobal
