
Microsoft Visual Studio Solution File, Format Version 12.00
# Visual Studio 2013
VisualStudioVersion = 12.0.30324.0
MinimumVisualStudioVersion = 10.0.40219.1
Project("{FAE04EC0-301F-11D3-BF4B-00C04F79EFBC}") = "HQPC_Using_Variables_Data_Expressions_Constants", "HQPC_Using_Variables_Data_Expressions_Constants\HQPC_Using_Variables_Data_Expressions_Constants.csproj", "{3C931A4F-A152-4697-96FE-44F25D6BEADB}"
EndProject
Global
	GlobalSection(SolutionConfigurationPlatforms) = preSolution
		Debug|Any CPU = Debug|Any CPU
		Release|Any CPU = Release|Any CPU
	EndGlobalSection
	GlobalSection(ProjectConfigurationPlatforms) = postSolution
		{3C931A4F-A152-4697-96FE-44F25D6BEADB}.Debug|Any CPU.ActiveCfg = Debug|Any CPU
		{3C931A4F-A152-4697-96FE-44F25D6BEADB}.Debug|Any CPU.Build.0 = Debug|Any CPU
		{3C931A4F-A152-4697-96FE-44F25D6BEADB}.Release|Any CPU.ActiveCfg = Release|Any CPU
		{3C931A4F-A152-4697-96FE-44F25D6BEADB}.Release|Any CPU.Build.0 = Release|Any CPU
	EndGlobalSection
	GlobalSection(SolutionProperties) = preSolution
		HideSolutionNode = FALSE
	EndGlobalSection
EndGlobal
